
Microsoft Visual Studio Solution File, Format Version 12.00
# Visual Studio Version 17
VisualStudioVersion = 17.2.32516.85
MinimumVisualStudioVersion = 10.0.40219.1
Project("{FAE04EC0-301F-11D3-BF4B-00C04F79EFBC}") = "IIS_Projekt", "IIS_Projekt\IIS_Projekt.csproj", "{A6A581B2-B69F-4EE3-B328-8A8177D9FD1A}"
EndProject
Global
	GlobalSection(SolutionConfigurationPlatforms) = preSolution
		Debug|Any CPU = Debug|Any CPU
		Release|Any CPU = Release|Any CPU
	EndGlobalSection
	GlobalSection(ProjectConfigurationPlatforms) = postSolution
		{A6A581B2-B69F-4EE3-B328-8A8177D9FD1A}.Debug|Any CPU.ActiveCfg = Debug|Any CPU
		{A6A581B2-B69F-4EE3-B328-8A8177D9FD1A}.Debug|Any CPU.Build.0 = Debug|Any CPU
		{A6A581B2-B69F-4EE3-B328-8A8177D9FD1A}.Release|Any CPU.ActiveCfg = Release|Any CPU
		{A6A581B2-B69F-4EE3-B328-8A8177D9FD1A}.Release|Any CPU.Build.0 = Release|Any CPU
	EndGlobalSection
	GlobalSection(SolutionProperties) = preSolution
		HideSolutionNode = FALSE
	EndGlobalSection
	GlobalSection(ExtensibilityGlobals) = postSolution
		SolutionGuid = {6C40596D-CA1F-436A-B8D9-4DF2C668DA70}
	EndGlobalSection
EndGlobal
