
Microsoft Visual Studio Solution File, Format Version 12.00
# Visual Studio Version 17
VisualStudioVersion = 17.2.32516.85
MinimumVisualStudioVersion = 10.0.40219.1
Project("{FAE04EC0-301F-11D3-BF4B-00C04F79EFBC}") = "IIS-Client", "IIS-Client\IIS-Client.csproj", "{49760860-F1AA-48DA-9C65-69F0E90794B9}"
EndProject
Global
	GlobalSection(SolutionConfigurationPlatforms) = preSolution
		Debug|Any CPU = Debug|Any CPU
		Release|Any CPU = Release|Any CPU
	EndGlobalSection
	GlobalSection(ProjectConfigurationPlatforms) = postSolution
		{49760860-F1AA-48DA-9C65-69F0E90794B9}.Debug|Any CPU.ActiveCfg = Debug|Any CPU
		{49760860-F1AA-48DA-9C65-69F0E90794B9}.Debug|Any CPU.Build.0 = Debug|Any CPU
		{49760860-F1AA-48DA-9C65-69F0E90794B9}.Release|Any CPU.ActiveCfg = Release|Any CPU
		{49760860-F1AA-48DA-9C65-69F0E90794B9}.Release|Any CPU.Build.0 = Release|Any CPU
	EndGlobalSection
	GlobalSection(SolutionProperties) = preSolution
		HideSolutionNode = FALSE
	EndGlobalSection
	GlobalSection(ExtensibilityGlobals) = postSolution
		SolutionGuid = {211F3BBA-EAE4-409B-8E4B-6B8384973FC1}
	EndGlobalSection
EndGlobal
